
Microsoft Visual Studio Solution File, Format Version 12.00
# Visual Studio Version 16
VisualStudioVersion = 16.0.29613.14
MinimumVisualStudioVersion = 10.0.40219.1
Project("{9A19103F-16F7-4668-BE54-9A1E7A4F7556}") = "DesignPatterns", "DesignPatterns.csproj", "{983F73D6-5FF5-47A1-A268-5FE1D0939F5D}"
EndProject
Project("{2150E333-8FDC-42A3-9474-1A3956D46DE8}") = "Singleton", "Singleton", "{2550AA39-34F9-489E-B326-2D2A8ABD02A1}"
EndProject
Project("{9A19103F-16F7-4668-BE54-9A1E7A4F7556}") = "SingletonPattern", "..\SingletonPattern\SingletonPattern.csproj", "{5728BA32-2695-4429-942F-4DFF59C9EF9C}"
EndProject
Project("{2150E333-8FDC-42A3-9474-1A3956D46DE8}") = "Factory", "Factory", "{81FB3D81-E6F2-4765-8117-37B6191E8285}"
EndProject
Project("{9A19103F-16F7-4668-BE54-9A1E7A4F7556}") = "SimpleFactory", "..\SimpleFactory\SimpleFactory.csproj", "{BA9BD93C-3910-49E2-A296-C60DCD3DE9B7}"
EndProject
Project("{FAE04EC0-301F-11D3-BF4B-00C04F79EFBC}") = "PeaceGameSimpleFactory", "..\PeaceGameSimpleFactory\PeaceGameSimpleFactory.csproj", "{0F0B5A35-3C5A-44C7-9DE0-A07D813A47CB}"
EndProject
Global
	GlobalSection(SolutionConfigurationPlatforms) = preSolution
		Debug|Any CPU = Debug|Any CPU
		Release|Any CPU = Release|Any CPU
	EndGlobalSection
	GlobalSection(ProjectConfigurationPlatforms) = postSolution
		{983F73D6-5FF5-47A1-A268-5FE1D0939F5D}.Debug|Any CPU.ActiveCfg = Debug|Any CPU
		{983F73D6-5FF5-47A1-A268-5FE1D0939F5D}.Debug|Any CPU.Build.0 = Debug|Any CPU
		{983F73D6-5FF5-47A1-A268-5FE1D0939F5D}.Release|Any CPU.ActiveCfg = Release|Any CPU
		{983F73D6-5FF5-47A1-A268-5FE1D0939F5D}.Release|Any CPU.Build.0 = Release|Any CPU
		{5728BA32-2695-4429-942F-4DFF59C9EF9C}.Debug|Any CPU.ActiveCfg = Debug|Any CPU
		{5728BA32-2695-4429-942F-4DFF59C9EF9C}.Debug|Any CPU.Build.0 = Debug|Any CPU
		{5728BA32-2695-4429-942F-4DFF59C9EF9C}.Release|Any CPU.ActiveCfg = Release|Any CPU
		{5728BA32-2695-4429-942F-4DFF59C9EF9C}.Release|Any CPU.Build.0 = Release|Any CPU
		{BA9BD93C-3910-49E2-A296-C60DCD3DE9B7}.Debug|Any CPU.ActiveCfg = Debug|Any CPU
		{BA9BD93C-3910-49E2-A296-C60DCD3DE9B7}.Debug|Any CPU.Build.0 = Debug|Any CPU
		{BA9BD93C-3910-49E2-A296-C60DCD3DE9B7}.Release|Any CPU.ActiveCfg = Release|Any CPU
		{BA9BD93C-3910-49E2-A296-C60DCD3DE9B7}.Release|Any CPU.Build.0 = Release|Any CPU
		{0F0B5A35-3C5A-44C7-9DE0-A07D813A47CB}.Debug|Any CPU.ActiveCfg = Debug|Any CPU
		{0F0B5A35-3C5A-44C7-9DE0-A07D813A47CB}.Debug|Any CPU.Build.0 = Debug|Any CPU
		{0F0B5A35-3C5A-44C7-9DE0-A07D813A47CB}.Release|Any CPU.ActiveCfg = Release|Any CPU
		{0F0B5A35-3C5A-44C7-9DE0-A07D813A47CB}.Release|Any CPU.Build.0 = Release|Any CPU
	EndGlobalSection
	GlobalSection(SolutionProperties) = preSolution
		HideSolutionNode = FALSE
	EndGlobalSection
	GlobalSection(NestedProjects) = preSolution
		{5728BA32-2695-4429-942F-4DFF59C9EF9C} = {2550AA39-34F9-489E-B326-2D2A8ABD02A1}
		{BA9BD93C-3910-49E2-A296-C60DCD3DE9B7} = {81FB3D81-E6F2-4765-8117-37B6191E8285}
		{0F0B5A35-3C5A-44C7-9DE0-A07D813A47CB} = {81FB3D81-E6F2-4765-8117-37B6191E8285}
	EndGlobalSection
	GlobalSection(ExtensibilityGlobals) = postSolution
		SolutionGuid = {8BB96AA4-225A-48EA-9AE7-5E17A8E5BEB3}
	EndGlobalSection
EndGlobal
